
Microsoft Visual Studio Solution File, Format Version 12.00
# Visual Studio Version 17
VisualStudioVersion = 17.8.34525.116
MinimumVisualStudioVersion = 10.0.40219.1
Project("{FAE04EC0-301F-11D3-BF4B-00C04F79EFBC}") = "Group8ClassInheritance", "Group8ClassInheritance\Group8ClassInheritance.csproj", "{20124004-4526-4C3B-948E-95D36EED4CD1}"
EndProject
Global
	GlobalSection(SolutionConfigurationPlatforms) = preSolution
		Debug|Any CPU = Debug|Any CPU
		Release|Any CPU = Release|Any CPU
	EndGlobalSection
	GlobalSection(ProjectConfigurationPlatforms) = postSolution
		{20124004-4526-4C3B-948E-95D36EED4CD1}.Debug|Any CPU.ActiveCfg = Debug|Any CPU
		{20124004-4526-4C3B-948E-95D36EED4CD1}.Debug|Any CPU.Build.0 = Debug|Any CPU
		{20124004-4526-4C3B-948E-95D36EED4CD1}.Release|Any CPU.ActiveCfg = Release|Any CPU
		{20124004-4526-4C3B-948E-95D36EED4CD1}.Release|Any CPU.Build.0 = Release|Any CPU
	EndGlobalSection
	GlobalSection(SolutionProperties) = preSolution
		HideSolutionNode = FALSE
	EndGlobalSection
	GlobalSection(ExtensibilityGlobals) = postSolution
		SolutionGuid = {10AB436C-3D0C-4AC2-AF86-92E78C0F3487}
	EndGlobalSection
EndGlobal
